
Microsoft Visual Studio Solution File, Format Version 12.00
# Visual Studio Version 17
VisualStudioVersion = 17.9.34728.123
MinimumVisualStudioVersion = 10.0.40219.1
Project("{FAE04EC0-301F-11D3-BF4B-00C04F79EFBC}") = "ButtonBorder", "ButtonBorder\ButtonBorder.csproj", "{A83960C9-B704-4D6D-88AF-F93C14DB098D}"
EndProject
Global
	GlobalSection(SolutionConfigurationPlatforms) = preSolution
		Debug|Any CPU = Debug|Any CPU
		Release|Any CPU = Release|Any CPU
	EndGlobalSection
	GlobalSection(ProjectConfigurationPlatforms) = postSolution
		{A83960C9-B704-4D6D-88AF-F93C14DB098D}.Debug|Any CPU.ActiveCfg = Debug|Any CPU
		{A83960C9-B704-4D6D-88AF-F93C14DB098D}.Debug|Any CPU.Build.0 = Debug|Any CPU
		{A83960C9-B704-4D6D-88AF-F93C14DB098D}.Debug|Any CPU.Deploy.0 = Debug|Any CPU
		{A83960C9-B704-4D6D-88AF-F93C14DB098D}.Release|Any CPU.ActiveCfg = Release|Any CPU
		{A83960C9-B704-4D6D-88AF-F93C14DB098D}.Release|Any CPU.Build.0 = Release|Any CPU
		{A83960C9-B704-4D6D-88AF-F93C14DB098D}.Release|Any CPU.Deploy.0 = Release|Any CPU
	EndGlobalSection
	GlobalSection(SolutionProperties) = preSolution
		HideSolutionNode = FALSE
	EndGlobalSection
	GlobalSection(ExtensibilityGlobals) = postSolution
		SolutionGuid = {0A2A6343-7783-4014-8617-8750F5312F44}
	EndGlobalSection
EndGlobal
